
Microsoft Visual Studio Solution File, Format Version 12.00
# Visual Studio Version 16
VisualStudioVersion = 16.0.31911.196
MinimumVisualStudioVersion = 10.0.40219.1
Project("{8BC9CEB8-8B4A-11D0-8D11-00A0C91BC942}") = "BasicString", "BasicString\BasicString.vcxproj", "{4CC31B71-0F32-4239-8C38-A3655D86EB50}"
EndProject
Global
	GlobalSection(SolutionConfigurationPlatforms) = preSolution
		Debug|x64 = Debug|x64
		Debug|x86 = Debug|x86
		Release|x64 = Release|x64
		Release|x86 = Release|x86
	EndGlobalSection
	GlobalSection(ProjectConfigurationPlatforms) = postSolution
		{4CC31B71-0F32-4239-8C38-A3655D86EB50}.Debug|x64.ActiveCfg = Debug|x64
		{4CC31B71-0F32-4239-8C38-A3655D86EB50}.Debug|x64.Build.0 = Debug|x64
		{4CC31B71-0F32-4239-8C38-A3655D86EB50}.Debug|x86.ActiveCfg = Debug|Win32
		{4CC31B71-0F32-4239-8C38-A3655D86EB50}.Debug|x86.Build.0 = Debug|Win32
		{4CC31B71-0F32-4239-8C38-A3655D86EB50}.Release|x64.ActiveCfg = Release|x64
		{4CC31B71-0F32-4239-8C38-A3655D86EB50}.Release|x64.Build.0 = Release|x64
		{4CC31B71-0F32-4239-8C38-A3655D86EB50}.Release|x86.ActiveCfg = Release|Win32
		{4CC31B71-0F32-4239-8C38-A3655D86EB50}.Release|x86.Build.0 = Release|Win32
	EndGlobalSection
	GlobalSection(SolutionProperties) = preSolution
		HideSolutionNode = FALSE
	EndGlobalSection
	GlobalSection(ExtensibilityGlobals) = postSolution
		SolutionGuid = {405BC562-516E-449D-BE11-836FBCDCCA07}
	EndGlobalSection
EndGlobal
